{
  "name": "example",
  "version": "1.0.0",
  "lockfileVersion": 3,
  "requires": true,
  "packages": {
    "": {
      "name": "example",
      "version": "1.0.0",
      "license": "ISC",
      "dependencies": {
        "@lostelk/nearest-color": "^1.0.13-alpha"
      }
    },
    "..": {
      "name": "@lostelk/nearest-color",
      "version": "1.0.2-alpha",
      "extraneous": true,
      "license": "MIT",
      "dependencies": {
        "tinycolor2": "^1.6.0"
      },
      "devDependencies": {
        "@rollup/plugin-terser": "^0.4.4",
        "@rollup/plugin-typescript": "^11.1.6",
        "@types/chai": "^4.3.11",
        "@types/jest": "^29.5.11",
        "@types/tinycolor2": "^1.4.6",
        "chai": "^5.0.0",
        "jest": "^29.7.0",
        "rollup": "^4.6.1",
        "rollup-plugin-dts": "^6.1.0",
        "ts-jest": "^29.1.1",
        "tslib": "^2.6.2",
        "typescript": "^5.3.3"
      }
    },
    "node_modules/@lostelk/nearest-color": {
      "version": "1.0.13-alpha",
      "resolved": "https://registry.npmjs.org/@lostelk/nearest-color/-/nearest-color-1.0.13-alpha.tgz",
      "integrity": "sha512-ABPuCkQmZFCeu8awrPfxgDgi45Y0Ns3jUTkzQNFDp83B95EvA9785bcPR2Wvgnp5EmJhbqHhI2tVBEh4dfMgiw==",
      "dependencies": {
        "tinycolor2": "^1.6.0"
      }
    },
    "node_modules/tinycolor2": {
      "version": "1.6.0",
      "resolved": "https://registry.npmjs.org/tinycolor2/-/tinycolor2-1.6.0.tgz",
      "integrity": "sha512-XPaBkWQJdsf3pLKJV9p4qN/S+fm2Oj8AIPo1BTUhg5oxkvm9+SVEGFdhyOz7tTdUTfvxMiAs4sp6/eZO2Ew+pw=="
    }
  }
}
